
Microsoft Visual Studio Solution File, Format Version 11.00
# Visual Studio 2010
Project("{8BC9CEB8-8B4A-11D0-8D11-00A0C91BC942}") = "Parsing", "Parsing.vcxproj", "{65A64BCB-B26A-42B2-A7E2-7FBD1B5C315E}"
EndProject
Global
	GlobalSection(SolutionConfigurationPlatforms) = preSolution
		Debug|Win32 = Debug|Win32
		Release|Win32 = Release|Win32
	EndGlobalSection
	GlobalSection(ProjectConfigurationPlatforms) = postSolution
		{65A64BCB-B26A-42B2-A7E2-7FBD1B5C315E}.Debug|Win32.ActiveCfg = Debug|Win32
		{65A64BCB-B26A-42B2-A7E2-7FBD1B5C315E}.Debug|Win32.Build.0 = Debug|Win32
		{65A64BCB-B26A-42B2-A7E2-7FBD1B5C315E}.Release|Win32.ActiveCfg = Release|Win32
		{65A64BCB-B26A-42B2-A7E2-7FBD1B5C315E}.Release|Win32.Build.0 = Release|Win32
	EndGlobalSection
	GlobalSection(SolutionProperties) = preSolution
		HideSolutionNode = FALSE
	EndGlobalSection
EndGlobal
